
Microsoft Visual Studio Solution File, Format Version 12.00
# Visual Studio 15
VisualStudioVersion = 15.0.27428.2037
MinimumVisualStudioVersion = 10.0.40219.1
Project("{FAE04EC0-301F-11D3-BF4B-00C04F79EFBC}") = "EnergySimplyDAL", "EnergySimplyDAL\EnergySimplyDAL.csproj", "{CC14739F-BEA8-42D4-A1CB-E157B3ABA57C}"
EndProject
Project("{FAE04EC0-301F-11D3-BF4B-00C04F79EFBC}") = "EnergySimplyDALTest", "EnergySimplyDALTest\EnergySimplyDALTest.csproj", "{C3923ADF-72C0-418A-B912-250877F79132}"
EndProject
Project("{FAE04EC0-301F-11D3-BF4B-00C04F79EFBC}") = "EnergySimplyMVC", "EnergySimplyMVC\EnergySimplyMVC.csproj", "{F05399F2-BDCB-4A20-BE1E-07BE648119C3}"
EndProject
Project("{FAE04EC0-301F-11D3-BF4B-00C04F79EFBC}") = "EnergySimplyMVC.Tests", "EnergySimplyMVC.Tests\EnergySimplyMVC.Tests.csproj", "{9C0F093A-4D52-4AF5-B900-C980396641E6}"
EndProject
Project("{FAE04EC0-301F-11D3-BF4B-00C04F79EFBC}") = "EnergySimplyWeb", "EnergySimplyWeb\EnergySimplyWeb.csproj", "{5196D264-8FA5-466C-BA38-F1A4D65D8FAD}"
EndProject
Global
	GlobalSection(SolutionConfigurationPlatforms) = preSolution
		Debug|Any CPU = Debug|Any CPU
		Release|Any CPU = Release|Any CPU
	EndGlobalSection
	GlobalSection(ProjectConfigurationPlatforms) = postSolution
		{CC14739F-BEA8-42D4-A1CB-E157B3ABA57C}.Debug|Any CPU.ActiveCfg = Debug|Any CPU
		{CC14739F-BEA8-42D4-A1CB-E157B3ABA57C}.Debug|Any CPU.Build.0 = Debug|Any CPU
		{CC14739F-BEA8-42D4-A1CB-E157B3ABA57C}.Release|Any CPU.ActiveCfg = Release|Any CPU
		{CC14739F-BEA8-42D4-A1CB-E157B3ABA57C}.Release|Any CPU.Build.0 = Release|Any CPU
		{C3923ADF-72C0-418A-B912-250877F79132}.Debug|Any CPU.ActiveCfg = Debug|Any CPU
		{C3923ADF-72C0-418A-B912-250877F79132}.Debug|Any CPU.Build.0 = Debug|Any CPU
		{C3923ADF-72C0-418A-B912-250877F79132}.Release|Any CPU.ActiveCfg = Release|Any CPU
		{C3923ADF-72C0-418A-B912-250877F79132}.Release|Any CPU.Build.0 = Release|Any CPU
		{F05399F2-BDCB-4A20-BE1E-07BE648119C3}.Debug|Any CPU.ActiveCfg = Debug|Any CPU
		{F05399F2-BDCB-4A20-BE1E-07BE648119C3}.Debug|Any CPU.Build.0 = Debug|Any CPU
		{F05399F2-BDCB-4A20-BE1E-07BE648119C3}.Release|Any CPU.ActiveCfg = Release|Any CPU
		{F05399F2-BDCB-4A20-BE1E-07BE648119C3}.Release|Any CPU.Build.0 = Release|Any CPU
		{9C0F093A-4D52-4AF5-B900-C980396641E6}.Debug|Any CPU.ActiveCfg = Debug|Any CPU
		{9C0F093A-4D52-4AF5-B900-C980396641E6}.Debug|Any CPU.Build.0 = Debug|Any CPU
		{9C0F093A-4D52-4AF5-B900-C980396641E6}.Release|Any CPU.ActiveCfg = Release|Any CPU
		{9C0F093A-4D52-4AF5-B900-C980396641E6}.Release|Any CPU.Build.0 = Release|Any CPU
		{5196D264-8FA5-466C-BA38-F1A4D65D8FAD}.Debug|Any CPU.ActiveCfg = Debug|Any CPU
		{5196D264-8FA5-466C-BA38-F1A4D65D8FAD}.Debug|Any CPU.Build.0 = Debug|Any CPU
		{5196D264-8FA5-466C-BA38-F1A4D65D8FAD}.Release|Any CPU.ActiveCfg = Release|Any CPU
		{5196D264-8FA5-466C-BA38-F1A4D65D8FAD}.Release|Any CPU.Build.0 = Release|Any CPU
	EndGlobalSection
	GlobalSection(SolutionProperties) = preSolution
		HideSolutionNode = FALSE
	EndGlobalSection
	GlobalSection(ExtensibilityGlobals) = postSolution
		SolutionGuid = {D074CC0E-C109-47A3-B6CE-A45DD7904004}
	EndGlobalSection
EndGlobal
